{
  "requires": true,
  "lockfileVersion": 1,
  "dependencies": {
    "@primer/css": {
      "version": "14.4.0",
      "resolved": "https://registry.npmjs.org/@primer/css/-/css-14.4.0.tgz",
      "integrity": "sha512-o9DwcAH43jZNDC/rPLjsYTU/I1LsHIgIQlSO3X8vZV2u65LmWeA5jHI2cSadZYN3N0Gm0Soh0zVYuhh7kMskXA==",
      "dev": true,
      "requires": {
        "@primer/octicons": "^9.1.1"
      }
    },
    "@primer/octicons": {
      "version": "9.6.0",
      "resolved": "https://registry.npmjs.org/@primer/octicons/-/octicons-9.6.0.tgz",
      "integrity": "sha512-B5Wzk5izRXXz0JqEXJkVUtqhCXSpUKgqYkVwegMkp5sziBW+ksd9LPbONlCWyyLODwf9GsI2sBXekR7m+JJDBw==",
      "requires": {
        "object-assign": "^4.1.1"
      }
    },
    "object-assign": {
      "version": "4.1.1",
      "resolved": "https://registry.npmjs.org/object-assign/-/object-assign-4.1.1.tgz",
      "integrity": "sha1-IQmtx5ZYh8/AXLvUQsrIv7s2CGM="
    }
  }
}
